// !$*UTF8*$!
{
	archiveVersion = 1;
	classes = {
	};
	objectVersion = 50;
	objects = {

/* Begin PBXBuildFile section */
		187A29082548EF38006D02D2 /* SimilarHeroesSectionController.swift in Sources */ = {isa = PBXBuildFile; fileRef = 187A29072548EF37006D02D2 /* SimilarHeroesSectionController.swift */; };
		187A290B2548F002006D02D2 /* SimilarHeroesCollectionViewCell.swift in Sources */ = {isa = PBXBuildFile; fileRef = 187A29092548F002006D02D2 /* SimilarHeroesCollectionViewCell.swift */; };
		187A290C2548F002006D02D2 /* SimilarHeroesCollectionViewCell.xib in Resources */ = {isa = PBXBuildFile; fileRef = 187A290A2548F002006D02D2 /* SimilarHeroesCollectionViewCell.xib */; };
		187A291F25496E39006D02D2 /* FilterModule.swift in Sources */ = {isa = PBXBuildFile; fileRef = 187A291425496E39006D02D2 /* FilterModule.swift */; };
		187A292025496E39006D02D2 /* FilterPresenter.swift in Sources */ = {isa = PBXBuildFile; fileRef = 187A291625496E39006D02D2 /* FilterPresenter.swift */; };
		187A292125496E39006D02D2 /* FilterAdapter.swift in Sources */ = {isa = PBXBuildFile; fileRef = 187A291825496E39006D02D2 /* FilterAdapter.swift */; };
		187A292225496E39006D02D2 /* FilterViewController.swift in Sources */ = {isa = PBXBuildFile; fileRef = 187A291A25496E39006D02D2 /* FilterViewController.swift */; };
		187A292325496E39006D02D2 /* FilterInteractor.swift in Sources */ = {isa = PBXBuildFile; fileRef = 187A291C25496E39006D02D2 /* FilterInteractor.swift */; };
		187A292425496E39006D02D2 /* FilterRouter.swift in Sources */ = {isa = PBXBuildFile; fileRef = 187A291E25496E39006D02D2 /* FilterRouter.swift */; };
		187A292625498286006D02D2 /* Extension+Array.swift in Sources */ = {isa = PBXBuildFile; fileRef = 187A292525498286006D02D2 /* Extension+Array.swift */; };
		187A292825498FAD006D02D2 /* RoleFilter.swift in Sources */ = {isa = PBXBuildFile; fileRef = 187A292725498FAD006D02D2 /* RoleFilter.swift */; };
		187A292B2549A74B006D02D2 /* HQButton.swift in Sources */ = {isa = PBXBuildFile; fileRef = 187A292A2549A74B006D02D2 /* HQButton.swift */; };
		187A29302549AA14006D02D2 /* FilterSectionController.swift in Sources */ = {isa = PBXBuildFile; fileRef = 187A292F2549AA14006D02D2 /* FilterSectionController.swift */; };
		187A29332549AA54006D02D2 /* FilterCollectionViewCell.swift in Sources */ = {isa = PBXBuildFile; fileRef = 187A29312549AA54006D02D2 /* FilterCollectionViewCell.swift */; };
		187A29342549AA54006D02D2 /* FilterCollectionViewCell.xib in Resources */ = {isa = PBXBuildFile; fileRef = 187A29322549AA54006D02D2 /* FilterCollectionViewCell.xib */; };
		187A29372549B09C006D02D2 /* ButtonCollectionViewCell.swift in Sources */ = {isa = PBXBuildFile; fileRef = 187A29352549B09C006D02D2 /* ButtonCollectionViewCell.swift */; };
		187A29382549B09C006D02D2 /* ButtonCollectionViewCell.xib in Resources */ = {isa = PBXBuildFile; fileRef = 187A29362549B09C006D02D2 /* ButtonCollectionViewCell.xib */; };
		187A293A254A3543006D02D2 /* CollectionViewCenterLayout.swift in Sources */ = {isa = PBXBuildFile; fileRef = 187A2939254A3543006D02D2 /* CollectionViewCenterLayout.swift */; };
		187A293D254F7A26006D02D2 /* NetworkManager.swift in Sources */ = {isa = PBXBuildFile; fileRef = 187A293C254F7A26006D02D2 /* NetworkManager.swift */; };
		187A293F254FBCE2006D02D2 /* Extension+UIAlertController.swift in Sources */ = {isa = PBXBuildFile; fileRef = 187A293E254FBCE2006D02D2 /* Extension+UIAlertController.swift */; };
		187A2941254FBE8F006D02D2 /* Extension+UIImage.swift in Sources */ = {isa = PBXBuildFile; fileRef = 187A2940254FBE8F006D02D2 /* Extension+UIImage.swift */; };
		187A2944254FC4F6006D02D2 /* RealmHelper.swift in Sources */ = {isa = PBXBuildFile; fileRef = 187A2943254FC4F6006D02D2 /* RealmHelper.swift */; };
		187A2946254FC5C4006D02D2 /* RLMHero.swift in Sources */ = {isa = PBXBuildFile; fileRef = 187A2945254FC5C4006D02D2 /* RLMHero.swift */; };
		18A681DC2548042000ED7702 /* HeroDetailModule.swift in Sources */ = {isa = PBXBuildFile; fileRef = 18A681D12548042000ED7702 /* HeroDetailModule.swift */; };
		18A681DD2548042000ED7702 /* HeroDetailPresenter.swift in Sources */ = {isa = PBXBuildFile; fileRef = 18A681D32548042000ED7702 /* HeroDetailPresenter.swift */; };
		18A681DE2548042000ED7702 /* HeroDetailAdapter.swift in Sources */ = {isa = PBXBuildFile; fileRef = 18A681D52548042000ED7702 /* HeroDetailAdapter.swift */; };
		18A681DF2548042000ED7702 /* HeroDetailViewController.swift in Sources */ = {isa = PBXBuildFile; fileRef = 18A681D72548042000ED7702 /* HeroDetailViewController.swift */; };
		18A681E02548042000ED7702 /* HeroDetailInteractor.swift in Sources */ = {isa = PBXBuildFile; fileRef = 18A681D92548042000ED7702 /* HeroDetailInteractor.swift */; };
		18A681E12548042000ED7702 /* HeroDetailRouter.swift in Sources */ = {isa = PBXBuildFile; fileRef = 18A681DB2548042000ED7702 /* HeroDetailRouter.swift */; };
		18A681E62548134C00ED7702 /* HeroSectionController.swift in Sources */ = {isa = PBXBuildFile; fileRef = 18A681E52548134C00ED7702 /* HeroSectionController.swift */; };
		18A681E92548146A00ED7702 /* HeroCollectionViewCell.swift in Sources */ = {isa = PBXBuildFile; fileRef = 18A681E72548146A00ED7702 /* HeroCollectionViewCell.swift */; };
		18A681EA2548146A00ED7702 /* HeroCollectionViewCell.xib in Resources */ = {isa = PBXBuildFile; fileRef = 18A681E82548146A00ED7702 /* HeroCollectionViewCell.xib */; };
		18CE1AFC254586A20037D007 /* AppDelegate.swift in Sources */ = {isa = PBXBuildFile; fileRef = 18CE1AFB254586A20037D007 /* AppDelegate.swift */; };
		18CE1B03254586A40037D007 /* Assets.xcassets in Resources */ = {isa = PBXBuildFile; fileRef = 18CE1B02254586A40037D007 /* Assets.xcassets */; };
		18CE1B06254586A40037D007 /* LaunchScreen.storyboard in Resources */ = {isa = PBXBuildFile; fileRef = 18CE1B04254586A40037D007 /* LaunchScreen.storyboard */; };
		18CE1B11254586A40037D007 /* HeroQTests.swift in Sources */ = {isa = PBXBuildFile; fileRef = 18CE1B10254586A40037D007 /* HeroQTests.swift */; };
		18CE1B1C254586A40037D007 /* HeroQUITests.swift in Sources */ = {isa = PBXBuildFile; fileRef = 18CE1B1B254586A40037D007 /* HeroQUITests.swift */; };
		18EB8B932545E71700592A59 /* HeroListModule.swift in Sources */ = {isa = PBXBuildFile; fileRef = 18EB8B882545E71700592A59 /* HeroListModule.swift */; };
		18EB8B942545E71700592A59 /* HeroListPresenter.swift in Sources */ = {isa = PBXBuildFile; fileRef = 18EB8B8A2545E71700592A59 /* HeroListPresenter.swift */; };
		18EB8B952545E71700592A59 /* HeroListAdapter.swift in Sources */ = {isa = PBXBuildFile; fileRef = 18EB8B8C2545E71700592A59 /* HeroListAdapter.swift */; };
		18EB8B962545E71700592A59 /* HeroListViewController.swift in Sources */ = {isa = PBXBuildFile; fileRef = 18EB8B8E2545E71700592A59 /* HeroListViewController.swift */; };
		18EB8B972545E71700592A59 /* HeroListInteractor.swift in Sources */ = {isa = PBXBuildFile; fileRef = 18EB8B902545E71700592A59 /* HeroListInteractor.swift */; };
		18EB8B982545E71700592A59 /* HeroListRouter.swift in Sources */ = {isa = PBXBuildFile; fileRef = 18EB8B922545E71700592A59 /* HeroListRouter.swift */; };
		18EB8B9C2545E82800592A59 /* Extension+UICollectionView.swift in Sources */ = {isa = PBXBuildFile; fileRef = 18EB8B9B2545E82800592A59 /* Extension+UICollectionView.swift */; };
		18EB8B9E2545E84E00592A59 /* Extension+UIColor.swift in Sources */ = {isa = PBXBuildFile; fileRef = 18EB8B9D2545E84E00592A59 /* Extension+UIColor.swift */; };
		18EB8BA02545E86B00592A59 /* Extension+UIViewController.swift in Sources */ = {isa = PBXBuildFile; fileRef = 18EB8B9F2545E86B00592A59 /* Extension+UIViewController.swift */; };
		18EB8BA22545E88400592A59 /* Extension+UINavigationController.swift in Sources */ = {isa = PBXBuildFile; fileRef = 18EB8BA12545E88400592A59 /* Extension+UINavigationController.swift */; };
		18EB8BA42545E8A000592A59 /* Extension+UIView.swift in Sources */ = {isa = PBXBuildFile; fileRef = 18EB8BA32545E8A000592A59 /* Extension+UIView.swift */; };
		18EB8BA62545EAF500592A59 /* Extension+ListAdapter.swift in Sources */ = {isa = PBXBuildFile; fileRef = 18EB8BA52545EAF500592A59 /* Extension+ListAdapter.swift */; };
		18EB8BAE2545EBC100592A59 /* EmptySectionController.swift in Sources */ = {isa = PBXBuildFile; fileRef = 18EB8BAD2545EBC100592A59 /* EmptySectionController.swift */; };
		18EB8BB12545EC6C00592A59 /* EmptyCollectionViewCell.swift in Sources */ = {isa = PBXBuildFile; fileRef = 18EB8BAF2545EC6C00592A59 /* EmptyCollectionViewCell.swift */; };
		18EB8BB22545EC6C00592A59 /* EmptyCollectionViewCell.xib in Resources */ = {isa = PBXBuildFile; fileRef = 18EB8BB02545EC6C00592A59 /* EmptyCollectionViewCell.xib */; };
		18EB8BB42545ECC800592A59 /* NSObject+IGListDiffable.swift in Sources */ = {isa = PBXBuildFile; fileRef = 18EB8BB32545ECC800592A59 /* NSObject+IGListDiffable.swift */; };
		18FB22C22546B198003A6638 /* Hero.swift in Sources */ = {isa = PBXBuildFile; fileRef = 18FB22C12546B198003A6638 /* Hero.swift */; };
		18FB22C42546C818003A6638 /* Extension+URL.swift in Sources */ = {isa = PBXBuildFile; fileRef = 18FB22C32546C818003A6638 /* Extension+URL.swift */; };
		18FB22C72546C92A003A6638 /* HeroServiceProtocol.swift in Sources */ = {isa = PBXBuildFile; fileRef = 18FB22C62546C92A003A6638 /* HeroServiceProtocol.swift */; };
		18FB22C92546CC0E003A6638 /* HeroService.swift in Sources */ = {isa = PBXBuildFile; fileRef = 18FB22C82546CC0E003A6638 /* HeroService.swift */; };
		18FB22D125475FC5003A6638 /* ImageCollectionViewCell.swift in Sources */ = {isa = PBXBuildFile; fileRef = 18FB22CF25475FC5003A6638 /* ImageCollectionViewCell.swift */; };
		18FB22D225475FC5003A6638 /* ImageCollectionViewCell.xib in Resources */ = {isa = PBXBuildFile; fileRef = 18FB22D025475FC5003A6638 /* ImageCollectionViewCell.xib */; };
		18FB22D725477DA6003A6638 /* GridSectionController.swift in Sources */ = {isa = PBXBuildFile; fileRef = 18FB22D625477DA5003A6638 /* GridSectionController.swift */; };
		18FB22DA25479908003A6638 /* GridCollectionViewCell.swift in Sources */ = {isa = PBXBuildFile; fileRef = 18FB22D825479908003A6638 /* GridCollectionViewCell.swift */; };
		18FB22DB25479908003A6638 /* GridCollectionViewCell.xib in Resources */ = {isa = PBXBuildFile; fileRef = 18FB22D925479908003A6638 /* GridCollectionViewCell.xib */; };
		41515B5D2BA170F0D1366865 /* libPods-HeroQUITests.a in Frameworks */ = {isa = PBXBuildFile; fileRef = C266195FF1E2A70D29F6671A /* libPods-HeroQUITests.a */; };
		4C590BB5DD6659ACE2337234 /* libPods-HeroQTests.a in Frameworks */ = {isa = PBXBuildFile; fileRef = 1C9A4EB3F18167664EAE6BFB /* libPods-HeroQTests.a */; };
		C53D8708E3BFE6046F6500FC /* libPods-HeroQ.a in Frameworks */ = {isa = PBXBuildFile; fileRef = 919A0ADE67E0B679FA313A19 /* libPods-HeroQ.a */; };
/* End PBXBuildFile section */

/* Begin PBXContainerItemProxy section */
		18CE1B0D254586A40037D007 /* PBXContainerItemProxy */ = {
			isa = PBXContainerItemProxy;
			containerPortal = 18CE1AF0254586A20037D007 /* Project object */;
			proxyType = 1;
			remoteGlobalIDString = 18CE1AF7254586A20037D007;
			remoteInfo = HeroQ;
		};
		18CE1B18254586A40037D007 /* PBXContainerItemProxy */ = {
			isa = PBXContainerItemProxy;
			containerPortal = 18CE1AF0254586A20037D007 /* Project object */;
			proxyType = 1;
			remoteGlobalIDString = 18CE1AF7254586A20037D007;
			remoteInfo = HeroQ;
		};
/* End PBXContainerItemProxy section */

/* Begin PBXFileReference section */
		0AE84BDE542EDD427880C99B /* Pods-HeroQUITests.debug.xcconfig */ = {isa = PBXFileReference; includeInIndex = 1; lastKnownFileType = text.xcconfig; name = "Pods-HeroQUITests.debug.xcconfig"; path = "Target Support Files/Pods-HeroQUITests/Pods-HeroQUITests.debug.xcconfig"; sourceTree = "<group>"; };
		187A29072548EF37006D02D2 /* SimilarHeroesSectionController.swift */ = {isa = PBXFileReference; fileEncoding = 4; lastKnownFileType = sourcecode.swift; path = SimilarHeroesSectionController.swift; sourceTree = "<group>"; };
		187A29092548F002006D02D2 /* SimilarHeroesCollectionViewCell.swift */ = {isa = PBXFileReference; lastKnownFileType = sourcecode.swift; path = SimilarHeroesCollectionViewCell.swift; sourceTree = "<group>"; };
		187A290A2548F002006D02D2 /* SimilarHeroesCollectionViewCell.xib */ = {isa = PBXFileReference; lastKnownFileType = file.xib; path = SimilarHeroesCollectionViewCell.xib; sourceTree = "<group>"; };
		187A291425496E39006D02D2 /* FilterModule.swift */ = {isa = PBXFileReference; fileEncoding = 4; lastKnownFileType = sourcecode.swift; path = FilterModule.swift; sourceTree = "<group>"; };
		187A291625496E39006D02D2 /* FilterPresenter.swift */ = {isa = PBXFileReference; fileEncoding = 4; lastKnownFileType = sourcecode.swift; path = FilterPresenter.swift; sourceTree = "<group>"; };
		187A291825496E39006D02D2 /* FilterAdapter.swift */ = {isa = PBXFileReference; fileEncoding = 4; lastKnownFileType = sourcecode.swift; path = FilterAdapter.swift; sourceTree = "<group>"; };
		187A291A25496E39006D02D2 /* FilterViewController.swift */ = {isa = PBXFileReference; fileEncoding = 4; lastKnownFileType = sourcecode.swift; path = FilterViewController.swift; sourceTree = "<group>"; };
		187A291C25496E39006D02D2 /* FilterInteractor.swift */ = {isa = PBXFileReference; fileEncoding = 4; lastKnownFileType = sourcecode.swift; path = FilterInteractor.swift; sourceTree = "<group>"; };
		187A291E25496E39006D02D2 /* FilterRouter.swift */ = {isa = PBXFileReference; fileEncoding = 4; lastKnownFileType = sourcecode.swift; path = FilterRouter.swift; sourceTree = "<group>"; };
		187A292525498286006D02D2 /* Extension+Array.swift */ = {isa = PBXFileReference; lastKnownFileType = sourcecode.swift; path = "Extension+Array.swift"; sourceTree = "<group>"; };
		187A292725498FAD006D02D2 /* RoleFilter.swift */ = {isa = PBXFileReference; lastKnownFileType = sourcecode.swift; path = RoleFilter.swift; sourceTree = "<group>"; };
		187A292A2549A74B006D02D2 /* HQButton.swift */ = {isa = PBXFileReference; lastKnownFileType = sourcecode.swift; path = HQButton.swift; sourceTree = "<group>"; };
		187A292F2549AA14006D02D2 /* FilterSectionController.swift */ = {isa = PBXFileReference; fileEncoding = 4; lastKnownFileType = sourcecode.swift; path = FilterSectionController.swift; sourceTree = "<group>"; };
		187A29312549AA54006D02D2 /* FilterCollectionViewCell.swift */ = {isa = PBXFileReference; lastKnownFileType = sourcecode.swift; path = FilterCollectionViewCell.swift; sourceTree = "<group>"; };
		187A29322549AA54006D02D2 /* FilterCollectionViewCell.xib */ = {isa = PBXFileReference; lastKnownFileType = file.xib; path = FilterCollectionViewCell.xib; sourceTree = "<group>"; };
		187A29352549B09C006D02D2 /* ButtonCollectionViewCell.swift */ = {isa = PBXFileReference; lastKnownFileType = sourcecode.swift; path = ButtonCollectionViewCell.swift; sourceTree = "<group>"; };
		187A29362549B09C006D02D2 /* ButtonCollectionViewCell.xib */ = {isa = PBXFileReference; lastKnownFileType = file.xib; path = ButtonCollectionViewCell.xib; sourceTree = "<group>"; };
		187A2939254A3543006D02D2 /* CollectionViewCenterLayout.swift */ = {isa = PBXFileReference; fileEncoding = 4; lastKnownFileType = sourcecode.swift; path = CollectionViewCenterLayout.swift; sourceTree = "<group>"; };
		187A293C254F7A26006D02D2 /* NetworkManager.swift */ = {isa = PBXFileReference; lastKnownFileType = sourcecode.swift; path = NetworkManager.swift; sourceTree = "<group>"; };
		187A293E254FBCE2006D02D2 /* Extension+UIAlertController.swift */ = {isa = PBXFileReference; lastKnownFileType = sourcecode.swift; path = "Extension+UIAlertController.swift"; sourceTree = "<group>"; };
		187A2940254FBE8F006D02D2 /* Extension+UIImage.swift */ = {isa = PBXFileReference; lastKnownFileType = sourcecode.swift; path = "Extension+UIImage.swift"; sourceTree = "<group>"; };
		187A2943254FC4F6006D02D2 /* RealmHelper.swift */ = {isa = PBXFileReference; lastKnownFileType = sourcecode.swift; path = RealmHelper.swift; sourceTree = "<group>"; };
		187A2945254FC5C4006D02D2 /* RLMHero.swift */ = {isa = PBXFileReference; lastKnownFileType = sourcecode.swift; path = RLMHero.swift; sourceTree = "<group>"; };
		18A681D12548042000ED7702 /* HeroDetailModule.swift */ = {isa = PBXFileReference; fileEncoding = 4; lastKnownFileType = sourcecode.swift; path = HeroDetailModule.swift; sourceTree = "<group>"; };
		18A681D32548042000ED7702 /* HeroDetailPresenter.swift */ = {isa = PBXFileReference; fileEncoding = 4; lastKnownFileType = sourcecode.swift; path = HeroDetailPresenter.swift; sourceTree = "<group>"; };
		18A681D52548042000ED7702 /* HeroDetailAdapter.swift */ = {isa = PBXFileReference; fileEncoding = 4; lastKnownFileType = sourcecode.swift; path = HeroDetailAdapter.swift; sourceTree = "<group>"; };
		18A681D72548042000ED7702 /* HeroDetailViewController.swift */ = {isa = PBXFileReference; fileEncoding = 4; lastKnownFileType = sourcecode.swift; path = HeroDetailViewController.swift; sourceTree = "<group>"; };
		18A681D92548042000ED7702 /* HeroDetailInteractor.swift */ = {isa = PBXFileReference; fileEncoding = 4; lastKnownFileType = sourcecode.swift; path = HeroDetailInteractor.swift; sourceTree = "<group>"; };
		18A681DB2548042000ED7702 /* HeroDetailRouter.swift */ = {isa = PBXFileReference; fileEncoding = 4; lastKnownFileType = sourcecode.swift; path = HeroDetailRouter.swift; sourceTree = "<group>"; };
		18A681E52548134C00ED7702 /* HeroSectionController.swift */ = {isa = PBXFileReference; fileEncoding = 4; lastKnownFileType = sourcecode.swift; path = HeroSectionController.swift; sourceTree = "<group>"; };
		18A681E72548146A00ED7702 /* HeroCollectionViewCell.swift */ = {isa = PBXFileReference; lastKnownFileType = sourcecode.swift; path = HeroCollectionViewCell.swift; sourceTree = "<group>"; };
		18A681E82548146A00ED7702 /* HeroCollectionViewCell.xib */ = {isa = PBXFileReference; lastKnownFileType = file.xib; path = HeroCollectionViewCell.xib; sourceTree = "<group>"; };
		18CE1AF8254586A20037D007 /* HeroQ.app */ = {isa = PBXFileReference; explicitFileType = wrapper.application; includeInIndex = 0; path = HeroQ.app; sourceTree = BUILT_PRODUCTS_DIR; };
		18CE1AFB254586A20037D007 /* AppDelegate.swift */ = {isa = PBXFileReference; lastKnownFileType = sourcecode.swift; path = AppDelegate.swift; sourceTree = "<group>"; };
		18CE1B02254586A40037D007 /* Assets.xcassets */ = {isa = PBXFileReference; lastKnownFileType = folder.assetcatalog; path = Assets.xcassets; sourceTree = "<group>"; };
		18CE1B05254586A40037D007 /* Base */ = {isa = PBXFileReference; lastKnownFileType = file.storyboard; name = Base; path = Base.lproj/LaunchScreen.storyboard; sourceTree = "<group>"; };
		18CE1B07254586A40037D007 /* Info.plist */ = {isa = PBXFileReference; lastKnownFileType = text.plist.xml; path = Info.plist; sourceTree = "<group>"; };
		18CE1B0C254586A40037D007 /* HeroQTests.xctest */ = {isa = PBXFileReference; explicitFileType = wrapper.cfbundle; includeInIndex = 0; path = HeroQTests.xctest; sourceTree = BUILT_PRODUCTS_DIR; };
		18CE1B10254586A40037D007 /* HeroQTests.swift */ = {isa = PBXFileReference; lastKnownFileType = sourcecode.swift; path = HeroQTests.swift; sourceTree = "<group>"; };
		18CE1B12254586A40037D007 /* Info.plist */ = {isa = PBXFileReference; lastKnownFileType = text.plist.xml; path = Info.plist; sourceTree = "<group>"; };
		18CE1B17254586A40037D007 /* HeroQUITests.xctest */ = {isa = PBXFileReference; explicitFileType = wrapper.cfbundle; includeInIndex = 0; path = HeroQUITests.xctest; sourceTree = BUILT_PRODUCTS_DIR; };
		18CE1B1B254586A40037D007 /* HeroQUITests.swift */ = {isa = PBXFileReference; lastKnownFileType = sourcecode.swift; path = HeroQUITests.swift; sourceTree = "<group>"; };
		18CE1B1D254586A40037D007 /* Info.plist */ = {isa = PBXFileReference; lastKnownFileType = text.plist.xml; path = Info.plist; sourceTree = "<group>"; };
		18EB8B882545E71700592A59 /* HeroListModule.swift */ = {isa = PBXFileReference; fileEncoding = 4; lastKnownFileType = sourcecode.swift; path = HeroListModule.swift; sourceTree = "<group>"; };
		18EB8B8A2545E71700592A59 /* HeroListPresenter.swift */ = {isa = PBXFileReference; fileEncoding = 4; lastKnownFileType = sourcecode.swift; path = HeroListPresenter.swift; sourceTree = "<group>"; };
		18EB8B8C2545E71700592A59 /* HeroListAdapter.swift */ = {isa = PBXFileReference; fileEncoding = 4; lastKnownFileType = sourcecode.swift; path = HeroListAdapter.swift; sourceTree = "<group>"; };
		18EB8B8E2545E71700592A59 /* HeroListViewController.swift */ = {isa = PBXFileReference; fileEncoding = 4; lastKnownFileType = sourcecode.swift; path = HeroListViewController.swift; sourceTree = "<group>"; };
		18EB8B902545E71700592A59 /* HeroListInteractor.swift */ = {isa = PBXFileReference; fileEncoding = 4; lastKnownFileType = sourcecode.swift; path = HeroListInteractor.swift; sourceTree = "<group>"; };
		18EB8B922545E71700592A59 /* HeroListRouter.swift */ = {isa = PBXFileReference; fileEncoding = 4; lastKnownFileType = sourcecode.swift; path = HeroListRouter.swift; sourceTree = "<group>"; };
		18EB8B9B2545E82800592A59 /* Extension+UICollectionView.swift */ = {isa = PBXFileReference; lastKnownFileType = sourcecode.swift; path = "Extension+UICollectionView.swift"; sourceTree = "<group>"; };
		18EB8B9D2545E84E00592A59 /* Extension+UIColor.swift */ = {isa = PBXFileReference; lastKnownFileType = sourcecode.swift; path = "Extension+UIColor.swift"; sourceTree = "<group>"; };
		18EB8B9F2545E86B00592A59 /* Extension+UIViewController.swift */ = {isa = PBXFileReference; lastKnownFileType = sourcecode.swift; path = "Extension+UIViewController.swift"; sourceTree = "<group>"; };
		18EB8BA12545E88400592A59 /* Extension+UINavigationController.swift */ = {isa = PBXFileReference; lastKnownFileType = sourcecode.swift; path = "Extension+UINavigationController.swift"; sourceTree = "<group>"; };
		18EB8BA32545E8A000592A59 /* Extension+UIView.swift */ = {isa = PBXFileReference; lastKnownFileType = sourcecode.swift; path = "Extension+UIView.swift"; sourceTree = "<group>"; };
		18EB8BA52545EAF500592A59 /* Extension+ListAdapter.swift */ = {isa = PBXFileReference; lastKnownFileType = sourcecode.swift; path = "Extension+ListAdapter.swift"; sourceTree = "<group>"; };
		18EB8BAD2545EBC100592A59 /* EmptySectionController.swift */ = {isa = PBXFileReference; fileEncoding = 4; lastKnownFileType = sourcecode.swift; path = EmptySectionController.swift; sourceTree = "<group>"; };
		18EB8BAF2545EC6C00592A59 /* EmptyCollectionViewCell.swift */ = {isa = PBXFileReference; lastKnownFileType = sourcecode.swift; path = EmptyCollectionViewCell.swift; sourceTree = "<group>"; };
		18EB8BB02545EC6C00592A59 /* EmptyCollectionViewCell.xib */ = {isa = PBXFileReference; lastKnownFileType = file.xib; path = EmptyCollectionViewCell.xib; sourceTree = "<group>"; };
		18EB8BB32545ECC800592A59 /* NSObject+IGListDiffable.swift */ = {isa = PBXFileReference; lastKnownFileType = sourcecode.swift; path = "NSObject+IGListDiffable.swift"; sourceTree = "<group>"; };
		18FB22C12546B198003A6638 /* Hero.swift */ = {isa = PBXFileReference; lastKnownFileType = sourcecode.swift; path = Hero.swift; sourceTree = "<group>"; };
		18FB22C32546C818003A6638 /* Extension+URL.swift */ = {isa = PBXFileReference; lastKnownFileType = sourcecode.swift; path = "Extension+URL.swift"; sourceTree = "<group>"; };
		18FB22C62546C92A003A6638 /* HeroServiceProtocol.swift */ = {isa = PBXFileReference; lastKnownFileType = sourcecode.swift; path = HeroServiceProtocol.swift; sourceTree = "<group>"; };
		18FB22C82546CC0E003A6638 /* HeroService.swift */ = {isa = PBXFileReference; lastKnownFileType = sourcecode.swift; path = HeroService.swift; sourceTree = "<group>"; };
		18FB22CF25475FC5003A6638 /* ImageCollectionViewCell.swift */ = {isa = PBXFileReference; lastKnownFileType = sourcecode.swift; path = ImageCollectionViewCell.swift; sourceTree = "<group>"; };
		18FB22D025475FC5003A6638 /* ImageCollectionViewCell.xib */ = {isa = PBXFileReference; lastKnownFileType = file.xib; path = ImageCollectionViewCell.xib; sourceTree = "<group>"; };
		18FB22D625477DA5003A6638 /* GridSectionController.swift */ = {isa = PBXFileReference; fileEncoding = 4; lastKnownFileType = sourcecode.swift; path = GridSectionController.swift; sourceTree = "<group>"; };
		18FB22D825479908003A6638 /* GridCollectionViewCell.swift */ = {isa = PBXFileReference; lastKnownFileType = sourcecode.swift; path = GridCollectionViewCell.swift; sourceTree = "<group>"; };
		18FB22D925479908003A6638 /* GridCollectionViewCell.xib */ = {isa = PBXFileReference; lastKnownFileType = file.xib; path = GridCollectionViewCell.xib; sourceTree = "<group>"; };
		1C9A4EB3F18167664EAE6BFB /* libPods-HeroQTests.a */ = {isa = PBXFileReference; explicitFileType = archive.ar; includeInIndex = 0; path = "libPods-HeroQTests.a"; sourceTree = BUILT_PRODUCTS_DIR; };
		4727D0ED901D521A37D965CB /* Pods-HeroQUITests.release.xcconfig */ = {isa = PBXFileReference; includeInIndex = 1; lastKnownFileType = text.xcconfig; name = "Pods-HeroQUITests.release.xcconfig"; path = "Target Support Files/Pods-HeroQUITests/Pods-HeroQUITests.release.xcconfig"; sourceTree = "<group>"; };
		84DF1C736B4A1BB961FAA1C2 /* Pods-HeroQ.debug.xcconfig */ = {isa = PBXFileReference; includeInIndex = 1; lastKnownFileType = text.xcconfig; name = "Pods-HeroQ.debug.xcconfig"; path = "Target Support Files/Pods-HeroQ/Pods-HeroQ.debug.xcconfig"; sourceTree = "<group>"; };
		88804CEB4262771F44913A01 /* Pods-HeroQTests.debug.xcconfig */ = {isa = PBXFileReference; includeInIndex = 1; lastKnownFileType = text.xcconfig; name = "Pods-HeroQTests.debug.xcconfig"; path = "Target Support Files/Pods-HeroQTests/Pods-HeroQTests.debug.xcconfig"; sourceTree = "<group>"; };
		89B9496F2C3E0E8D59D52419 /* Pods-HeroQ.release.xcconfig */ = {isa = PBXFileReference; includeInIndex = 1; lastKnownFileType = text.xcconfig; name = "Pods-HeroQ.release.xcconfig"; path = "Target Support Files/Pods-HeroQ/Pods-HeroQ.release.xcconfig"; sourceTree = "<group>"; };
		919A0ADE67E0B679FA313A19 /* libPods-HeroQ.a */ = {isa = PBXFileReference; explicitFileType = archive.ar; includeInIndex = 0; path = "libPods-HeroQ.a"; sourceTree = BUILT_PRODUCTS_DIR; };
		98E3365F3E9A63FEC72D41E3 /* Pods-HeroQTests.release.xcconfig */ = {isa = PBXFileReference; includeInIndex = 1; lastKnownFileType = text.xcconfig; name = "Pods-HeroQTests.release.xcconfig"; path = "Target Support Files/Pods-HeroQTests/Pods-HeroQTests.release.xcconfig"; sourceTree = "<group>"; };
		C266195FF1E2A70D29F6671A /* libPods-HeroQUITests.a */ = {isa = PBXFileReference; explicitFileType = archive.ar; includeInIndex = 0; path = "libPods-HeroQUITests.a"; sourceTree = BUILT_PRODUCTS_DIR; };
/* End PBXFileReference section */

/* Begin PBXFrameworksBuildPhase section */
		18CE1AF5254586A20037D007 /* Frameworks */ = {
			isa = PBXFrameworksBuildPhase;
			buildActionMask = 2147483647;
			files = (
				C53D8708E3BFE6046F6500FC /* libPods-HeroQ.a in Frameworks */,
			);
			runOnlyForDeploymentPostprocessing = 0;
		};
		18CE1B09254586A40037D007 /* Frameworks */ = {
			isa = PBXFrameworksBuildPhase;
			buildActionMask = 2147483647;
			files = (
				4C590BB5DD6659ACE2337234 /* libPods-HeroQTests.a in Frameworks */,
			);
			runOnlyForDeploymentPostprocessing = 0;
		};
		18CE1B14254586A40037D007 /* Frameworks */ = {
			isa = PBXFrameworksBuildPhase;
			buildActionMask = 2147483647;
			files = (
				41515B5D2BA170F0D1366865 /* libPods-HeroQUITests.a in Frameworks */,
			);
			runOnlyForDeploymentPostprocessing = 0;
		};
/* End PBXFrameworksBuildPhase section */

/* Begin PBXGroup section */
		13B2F354D1452CC541F4FC52 /* Pods */ = {
			isa = PBXGroup;
			children = (
				84DF1C736B4A1BB961FAA1C2 /* Pods-HeroQ.debug.xcconfig */,
				89B9496F2C3E0E8D59D52419 /* Pods-HeroQ.release.xcconfig */,
				88804CEB4262771F44913A01 /* Pods-HeroQTests.debug.xcconfig */,
				98E3365F3E9A63FEC72D41E3 /* Pods-HeroQTests.release.xcconfig */,
				0AE84BDE542EDD427880C99B /* Pods-HeroQUITests.debug.xcconfig */,
				4727D0ED901D521A37D965CB /* Pods-HeroQUITests.release.xcconfig */,
			);
			path = Pods;
			sourceTree = "<group>";
		};
		187A29062548EF37006D02D2 /* SimilarHeroes */ = {
			isa = PBXGroup;
			children = (
				187A29072548EF37006D02D2 /* SimilarHeroesSectionController.swift */,
				187A29092548F002006D02D2 /* SimilarHeroesCollectionViewCell.swift */,
				187A290A2548F002006D02D2 /* SimilarHeroesCollectionViewCell.xib */,
			);
			path = SimilarHeroes;
			sourceTree = "<group>";
		};
		187A291225496E39006D02D2 /* Filter */ = {
			isa = PBXGroup;
			children = (
				187A291325496E39006D02D2 /* Module */,
				187A291525496E39006D02D2 /* Presenter */,
				187A291725496E39006D02D2 /* Adapter */,
				187A291925496E39006D02D2 /* View */,
				187A291B25496E39006D02D2 /* Interactor */,
				187A291D25496E39006D02D2 /* Router */,
			);
			path = Filter;
			sourceTree = "<group>";
		};
		187A291325496E39006D02D2 /* Module */ = {
			isa = PBXGroup;
			children = (
				187A291425496E39006D02D2 /* FilterModule.swift */,
			);
			path = Module;
			sourceTree = "<group>";
		};
		187A291525496E39006D02D2 /* Presenter */ = {
			isa = PBXGroup;
			children = (
				187A291625496E39006D02D2 /* FilterPresenter.swift */,
			);
			path = Presenter;
			sourceTree = "<group>";
		};
		187A291725496E39006D02D2 /* Adapter */ = {
			isa = PBXGroup;
			children = (
				187A291825496E39006D02D2 /* FilterAdapter.swift */,
			);
			path = Adapter;
			sourceTree = "<group>";
		};
		187A291925496E39006D02D2 /* View */ = {
			isa = PBXGroup;
			children = (
				187A291A25496E39006D02D2 /* FilterViewController.swift */,
			);
			path = View;
			sourceTree = "<group>";
		};
		187A291B25496E39006D02D2 /* Interactor */ = {
			isa = PBXGroup;
			children = (
				187A291C25496E39006D02D2 /* FilterInteractor.swift */,
			);
			path = Interactor;
			sourceTree = "<group>";
		};
		187A291D25496E39006D02D2 /* Router */ = {
			isa = PBXGroup;
			children = (
				187A291E25496E39006D02D2 /* FilterRouter.swift */,
			);
			path = Router;
			sourceTree = "<group>";
		};
		187A29292549A613006D02D2 /* Button */ = {
			isa = PBXGroup;
			children = (
				187A292A2549A74B006D02D2 /* HQButton.swift */,
			);
			path = Button;
			sourceTree = "<group>";
		};
		187A292E2549AA14006D02D2 /* Filter */ = {
			isa = PBXGroup;
			children = (
				187A2939254A3543006D02D2 /* CollectionViewCenterLayout.swift */,
				187A292F2549AA14006D02D2 /* FilterSectionController.swift */,
				187A29312549AA54006D02D2 /* FilterCollectionViewCell.swift */,
				187A29322549AA54006D02D2 /* FilterCollectionViewCell.xib */,
				187A29352549B09C006D02D2 /* ButtonCollectionViewCell.swift */,
				187A29362549B09C006D02D2 /* ButtonCollectionViewCell.xib */,
			);
			path = Filter;
			sourceTree = "<group>";
		};
		187A293B254F79D7006D02D2 /* Network */ = {
			isa = PBXGroup;
			children = (
				187A293C254F7A26006D02D2 /* NetworkManager.swift */,
			);
			path = Network;
			sourceTree = "<group>";
		};
		187A2942254FC4C4006D02D2 /* Helper */ = {
			isa = PBXGroup;
			children = (
				187A2943254FC4F6006D02D2 /* RealmHelper.swift */,
			);
			path = Helper;
			sourceTree = "<group>";
		};
		18A681CF2548042000ED7702 /* HeroDetail */ = {
			isa = PBXGroup;
			children = (
				18A681D02548042000ED7702 /* Module */,
				18A681D22548042000ED7702 /* Presenter */,
				18A681D42548042000ED7702 /* Adapter */,
				18A681D62548042000ED7702 /* View */,
				18A681D82548042000ED7702 /* Interactor */,
				18A681DA2548042000ED7702 /* Router */,
			);
			path = HeroDetail;
			sourceTree = "<group>";
		};
		18A681D02548042000ED7702 /* Module */ = {
			isa = PBXGroup;
			children = (
				18A681D12548042000ED7702 /* HeroDetailModule.swift */,
			);
			path = Module;
			sourceTree = "<group>";
		};
		18A681D22548042000ED7702 /* Presenter */ = {
			isa = PBXGroup;
			children = (
				18A681D32548042000ED7702 /* HeroDetailPresenter.swift */,
			);
			path = Presenter;
			sourceTree = "<group>";
		};
		18A681D42548042000ED7702 /* Adapter */ = {
			isa = PBXGroup;
			children = (
				18A681D52548042000ED7702 /* HeroDetailAdapter.swift */,
			);
			path = Adapter;
			sourceTree = "<group>";
		};
		18A681D62548042000ED7702 /* View */ = {
			isa = PBXGroup;
			children = (
				18A681D72548042000ED7702 /* HeroDetailViewController.swift */,
			);
			path = View;
			sourceTree = "<group>";
		};
		18A681D82548042000ED7702 /* Interactor */ = {
			isa = PBXGroup;
			children = (
				18A681D92548042000ED7702 /* HeroDetailInteractor.swift */,
			);
			path = Interactor;
			sourceTree = "<group>";
		};
		18A681DA2548042000ED7702 /* Router */ = {
			isa = PBXGroup;
			children = (
				18A681DB2548042000ED7702 /* HeroDetailRouter.swift */,
			);
			path = Router;
			sourceTree = "<group>";
		};
		18A681E42548134C00ED7702 /* Hero */ = {
			isa = PBXGroup;
			children = (
				18A681E52548134C00ED7702 /* HeroSectionController.swift */,
				18A681E72548146A00ED7702 /* HeroCollectionViewCell.swift */,
				18A681E82548146A00ED7702 /* HeroCollectionViewCell.xib */,
			);
			path = Hero;
			sourceTree = "<group>";
		};
		18CE1AEF254586A20037D007 = {
			isa = PBXGroup;
			children = (
				18CE1AFA254586A20037D007 /* HeroQ */,
				18CE1B0F254586A40037D007 /* HeroQTests */,
				18CE1B1A254586A40037D007 /* HeroQUITests */,
				18CE1AF9254586A20037D007 /* Products */,
				13B2F354D1452CC541F4FC52 /* Pods */,
				BFD6C537B8AFD7B0590EA79A /* Frameworks */,
			);
			sourceTree = "<group>";
		};
		18CE1AF9254586A20037D007 /* Products */ = {
			isa = PBXGroup;
			children = (
				18CE1AF8254586A20037D007 /* HeroQ.app */,
				18CE1B0C254586A40037D007 /* HeroQTests.xctest */,
				18CE1B17254586A40037D007 /* HeroQUITests.xctest */,
			);
			name = Products;
			sourceTree = "<group>";
		};
		18CE1AFA254586A20037D007 /* HeroQ */ = {
			isa = PBXGroup;
			children = (
				18FB22C52546C8A3003A6638 /* Services */,
				18FB22C02546B023003A6638 /* Entities */,
				18EB8B992545E7C900592A59 /* Utils */,
				18EB8B832545E6E300592A59 /* Modules */,
				18CE1AFB254586A20037D007 /* AppDelegate.swift */,
				18CE1B02254586A40037D007 /* Assets.xcassets */,
				18CE1B04254586A40037D007 /* LaunchScreen.storyboard */,
				18CE1B07254586A40037D007 /* Info.plist */,
			);
			path = HeroQ;
			sourceTree = "<group>";
		};
		18CE1B0F254586A40037D007 /* HeroQTests */ = {
			isa = PBXGroup;
			children = (
				18CE1B10254586A40037D007 /* HeroQTests.swift */,
				18CE1B12254586A40037D007 /* Info.plist */,
			);
			path = HeroQTests;
			sourceTree = "<group>";
		};
		18CE1B1A254586A40037D007 /* HeroQUITests */ = {
			isa = PBXGroup;
			children = (
				18CE1B1B254586A40037D007 /* HeroQUITests.swift */,
				18CE1B1D254586A40037D007 /* Info.plist */,
			);
			path = HeroQUITests;
			sourceTree = "<group>";
		};
		18EB8B832545E6E300592A59 /* Modules */ = {
			isa = PBXGroup;
			children = (
				187A291225496E39006D02D2 /* Filter */,
				18A681CF2548042000ED7702 /* HeroDetail */,
				18EB8B862545E71700592A59 /* HeroList */,
			);
			path = Modules;
			sourceTree = "<group>";
		};
		18EB8B862545E71700592A59 /* HeroList */ = {
			isa = PBXGroup;
			children = (
				18EB8B872545E71700592A59 /* Module */,
				18EB8B892545E71700592A59 /* Presenter */,
				18EB8B8B2545E71700592A59 /* Adapter */,
				18EB8B8D2545E71700592A59 /* View */,
				18EB8B8F2545E71700592A59 /* Interactor */,
				18EB8B912545E71700592A59 /* Router */,
			);
			path = HeroList;
			sourceTree = "<group>";
		};
		18EB8B872545E71700592A59 /* Module */ = {
			isa = PBXGroup;
			children = (
				18EB8B882545E71700592A59 /* HeroListModule.swift */,
			);
			path = Module;
			sourceTree = "<group>";
		};
		18EB8B892545E71700592A59 /* Presenter */ = {
			isa = PBXGroup;
			children = (
				18EB8B8A2545E71700592A59 /* HeroListPresenter.swift */,
			);
			path = Presenter;
			sourceTree = "<group>";
		};
		18EB8B8B2545E71700592A59 /* Adapter */ = {
			isa = PBXGroup;
			children = (
				18EB8B8C2545E71700592A59 /* HeroListAdapter.swift */,
			);
			path = Adapter;
			sourceTree = "<group>";
		};
		18EB8B8D2545E71700592A59 /* View */ = {
			isa = PBXGroup;
			children = (
				18EB8B8E2545E71700592A59 /* HeroListViewController.swift */,
			);
			path = View;
			sourceTree = "<group>";
		};
		18EB8B8F2545E71700592A59 /* Interactor */ = {
			isa = PBXGroup;
			children = (
				18EB8B902545E71700592A59 /* HeroListInteractor.swift */,
			);
			path = Interactor;
			sourceTree = "<group>";
		};
		18EB8B912545E71700592A59 /* Router */ = {
			isa = PBXGroup;
			children = (
				18EB8B922545E71700592A59 /* HeroListRouter.swift */,
			);
			path = Router;
			sourceTree = "<group>";
		};
		18EB8B992545E7C900592A59 /* Utils */ = {
			isa = PBXGroup;
			children = (
				187A2942254FC4C4006D02D2 /* Helper */,
				187A293B254F79D7006D02D2 /* Network */,
				18EB8BA72545EB5600592A59 /* ViewComponents */,
				18EB8B9A2545E80600592A59 /* Extensions */,
			);
			path = Utils;
			sourceTree = "<group>";
		};
		18EB8B9A2545E80600592A59 /* Extensions */ = {
			isa = PBXGroup;
			children = (
				18EB8B9B2545E82800592A59 /* Extension+UICollectionView.swift */,
				18EB8B9D2545E84E00592A59 /* Extension+UIColor.swift */,
				18EB8B9F2545E86B00592A59 /* Extension+UIViewController.swift */,
				18EB8BA12545E88400592A59 /* Extension+UINavigationController.swift */,
				18EB8BA32545E8A000592A59 /* Extension+UIView.swift */,
				18EB8BA52545EAF500592A59 /* Extension+ListAdapter.swift */,
				18EB8BB32545ECC800592A59 /* NSObject+IGListDiffable.swift */,
				18FB22C32546C818003A6638 /* Extension+URL.swift */,
				187A292525498286006D02D2 /* Extension+Array.swift */,
				187A293E254FBCE2006D02D2 /* Extension+UIAlertController.swift */,
				187A2940254FBE8F006D02D2 /* Extension+UIImage.swift */,
			);
			path = Extensions;
			sourceTree = "<group>";
		};
		18EB8BA72545EB5600592A59 /* ViewComponents */ = {
			isa = PBXGroup;
			children = (
				187A29292549A613006D02D2 /* Button */,
				18EB8BA82545EB6D00592A59 /* IGListSection */,
			);
			path = ViewComponents;
			sourceTree = "<group>";
		};
		18EB8BA82545EB6D00592A59 /* IGListSection */ = {
			isa = PBXGroup;
			children = (
				187A292E2549AA14006D02D2 /* Filter */,
				187A29062548EF37006D02D2 /* SimilarHeroes */,
				18A681E42548134C00ED7702 /* Hero */,
				18FB22D525477DA5003A6638 /* Grid */,
				18FB22CC25475FA1003A6638 /* Image */,
				18EB8BAC2545EBC100592A59 /* Empty */,
			);
			path = IGListSection;
			sourceTree = "<group>";
		};
		18EB8BAC2545EBC100592A59 /* Empty */ = {
			isa = PBXGroup;
			children = (
				18EB8BAD2545EBC100592A59 /* EmptySectionController.swift */,
				18EB8BAF2545EC6C00592A59 /* EmptyCollectionViewCell.swift */,
				18EB8BB02545EC6C00592A59 /* EmptyCollectionViewCell.xib */,
			);
			path = Empty;
			sourceTree = "<group>";
		};
		18FB22C02546B023003A6638 /* Entities */ = {
			isa = PBXGroup;
			children = (
				18FB22C12546B198003A6638 /* Hero.swift */,
				187A292725498FAD006D02D2 /* RoleFilter.swift */,
				187A2945254FC5C4006D02D2 /* RLMHero.swift */,
			);
			path = Entities;
			sourceTree = "<group>";
		};
		18FB22C52546C8A3003A6638 /* Services */ = {
			isa = PBXGroup;
			children = (
				18FB22C62546C92A003A6638 /* HeroServiceProtocol.swift */,
				18FB22C82546CC0E003A6638 /* HeroService.swift */,
			);
			path = Services;
			sourceTree = "<group>";
		};
		18FB22CC25475FA1003A6638 /* Image */ = {
			isa = PBXGroup;
			children = (
				18FB22CF25475FC5003A6638 /* ImageCollectionViewCell.swift */,
				18FB22D025475FC5003A6638 /* ImageCollectionViewCell.xib */,
			);
			path = Image;
			sourceTree = "<group>";
		};
		18FB22D525477DA5003A6638 /* Grid */ = {
			isa = PBXGroup;
			children = (
				18FB22D625477DA5003A6638 /* GridSectionController.swift */,
				18FB22D825479908003A6638 /* GridCollectionViewCell.swift */,
				18FB22D925479908003A6638 /* GridCollectionViewCell.xib */,
			);
			path = Grid;
			sourceTree = "<group>";
		};
		BFD6C537B8AFD7B0590EA79A /* Frameworks */ = {
			isa = PBXGroup;
			children = (
				919A0ADE67E0B679FA313A19 /* libPods-HeroQ.a */,
				1C9A4EB3F18167664EAE6BFB /* libPods-HeroQTests.a */,
				C266195FF1E2A70D29F6671A /* libPods-HeroQUITests.a */,
			);
			name = Frameworks;
			sourceTree = "<group>";
		};
/* End PBXGroup section */

/* Begin PBXNativeTarget section */
		18CE1AF7254586A20037D007 /* HeroQ */ = {
			isa = PBXNativeTarget;
			buildConfigurationList = 18CE1B20254586A40037D007 /* Build configuration list for PBXNativeTarget "HeroQ" */;
			buildPhases = (
				89121B704D8E55EB48EADC9F /* [CP] Check Pods Manifest.lock */,
				18CE1AF4254586A20037D007 /* Sources */,
				18CE1AF5254586A20037D007 /* Frameworks */,
				18CE1AF6254586A20037D007 /* Resources */,
			);
			buildRules = (
			);
			dependencies = (
			);
			name = HeroQ;
			productName = HeroQ;
			productReference = 18CE1AF8254586A20037D007 /* HeroQ.app */;
			productType = "com.apple.product-type.application";
		};
		18CE1B0B254586A40037D007 /* HeroQTests */ = {
			isa = PBXNativeTarget;
			buildConfigurationList = 18CE1B23254586A40037D007 /* Build configuration list for PBXNativeTarget "HeroQTests" */;
			buildPhases = (
				CE7D492485A68F030D0C63A8 /* [CP] Check Pods Manifest.lock */,
				18CE1B08254586A40037D007 /* Sources */,
				18CE1B09254586A40037D007 /* Frameworks */,
				18CE1B0A254586A40037D007 /* Resources */,
			);
			buildRules = (
			);
			dependencies = (
				18CE1B0E254586A40037D007 /* PBXTargetDependency */,
			);
			name = HeroQTests;
			productName = HeroQTests;
			productReference = 18CE1B0C254586A40037D007 /* HeroQTests.xctest */;
			productType = "com.apple.product-type.bundle.unit-test";
		};
		18CE1B16254586A40037D007 /* HeroQUITests */ = {
			isa = PBXNativeTarget;
			buildConfigurationList = 18CE1B26254586A40037D007 /* Build configuration list for PBXNativeTarget "HeroQUITests" */;
			buildPhases = (
				771BB23D3B9AF45160D344DA /* [CP] Check Pods Manifest.lock */,
				18CE1B13254586A40037D007 /* Sources */,
				18CE1B14254586A40037D007 /* Frameworks */,
				18CE1B15254586A40037D007 /* Resources */,
			);
			buildRules = (
			);
			dependencies = (
				18CE1B19254586A40037D007 /* PBXTargetDependency */,
			);
			name = HeroQUITests;
			productName = HeroQUITests;
			productReference = 18CE1B17254586A40037D007 /* HeroQUITests.xctest */;
			productType = "com.apple.product-type.bundle.ui-testing";
		};
/* End PBXNativeTarget section */

/* Begin PBXProject section */
		18CE1AF0254586A20037D007 /* Project object */ = {
			isa = PBXProject;
			attributes = {
				LastSwiftUpdateCheck = 1030;
				LastUpgradeCheck = 1030;
				ORGANIZATIONNAME = "Tony Hadisiswanto";
				TargetAttributes = {
					18CE1AF7254586A20037D007 = {
						CreatedOnToolsVersion = 10.3;
					};
					18CE1B0B254586A40037D007 = {
						CreatedOnToolsVersion = 10.3;
						TestTargetID = 18CE1AF7254586A20037D007;
					};
					18CE1B16254586A40037D007 = {
						CreatedOnToolsVersion = 10.3;
						TestTargetID = 18CE1AF7254586A20037D007;
					};
				};
			};
			buildConfigurationList = 18CE1AF3254586A20037D007 /* Build configuration list for PBXProject "HeroQ" */;
			compatibilityVersion = "Xcode 9.3";
			developmentRegion = en;
			hasScannedForEncodings = 0;
			knownRegions = (
				en,
				Base,
			);
			mainGroup = 18CE1AEF254586A20037D007;
			productRefGroup = 18CE1AF9254586A20037D007 /* Products */;
			projectDirPath = "";
			projectRoot = "";
			targets = (
				18CE1AF7254586A20037D007 /* HeroQ */,
				18CE1B0B254586A40037D007 /* HeroQTests */,
				18CE1B16254586A40037D007 /* HeroQUITests */,
			);
		};
/* End PBXProject section */

/* Begin PBXResourcesBuildPhase section */
		18CE1AF6254586A20037D007 /* Resources */ = {
			isa = PBXResourcesBuildPhase;
			buildActionMask = 2147483647;
			files = (
				18CE1B06254586A40037D007 /* LaunchScreen.storyboard in Resources */,
				18CE1B03254586A40037D007 /* Assets.xcassets in Resources */,
				187A29382549B09C006D02D2 /* ButtonCollectionViewCell.xib in Resources */,
				187A29342549AA54006D02D2 /* FilterCollectionViewCell.xib in Resources */,
				18FB22D225475FC5003A6638 /* ImageCollectionViewCell.xib in Resources */,
				18FB22DB25479908003A6638 /* GridCollectionViewCell.xib in Resources */,
				187A290C2548F002006D02D2 /* SimilarHeroesCollectionViewCell.xib in Resources */,
				18A681EA2548146A00ED7702 /* HeroCollectionViewCell.xib in Resources */,
				18EB8BB22545EC6C00592A59 /* EmptyCollectionViewCell.xib in Resources */,
			);
			runOnlyForDeploymentPostprocessing = 0;
		};
		18CE1B0A254586A40037D007 /* Resources */ = {
			isa = PBXResourcesBuildPhase;
			buildActionMask = 2147483647;
			files = (
			);
			runOnlyForDeploymentPostprocessing = 0;
		};
		18CE1B15254586A40037D007 /* Resources */ = {
			isa = PBXResourcesBuildPhase;
			buildActionMask = 2147483647;
			files = (
			);
			runOnlyForDeploymentPostprocessing = 0;
		};
/* End PBXResourcesBuildPhase section */

/* Begin PBXShellScriptBuildPhase section */
		771BB23D3B9AF45160D344DA /* [CP] Check Pods Manifest.lock */ = {
			isa = PBXShellScriptBuildPhase;
			buildActionMask = 2147483647;
			files = (
			);
			inputFileListPaths = (
			);
			inputPaths = (
				"${PODS_PODFILE_DIR_PATH}/Podfile.lock",
				"${PODS_ROOT}/Manifest.lock",
			);
			name = "[CP] Check Pods Manifest.lock";
			outputFileListPaths = (
			);
			outputPaths = (
				"$(DERIVED_FILE_DIR)/Pods-HeroQUITests-checkManifestLockResult.txt",
			);
			runOnlyForDeploymentPostprocessing = 0;
			shellPath = /bin/sh;
			shellScript = "diff \"${PODS_PODFILE_DIR_PATH}/Podfile.lock\" \"${PODS_ROOT}/Manifest.lock\" > /dev/null\nif [ $? != 0 ] ; then\n    # print error to STDERR\n    echo \"error: The sandbox is not in sync with the Podfile.lock. Run 'pod install' or update your CocoaPods installation.\" >&2\n    exit 1\nfi\n# This output is used by Xcode 'outputs' to avoid re-running this script phase.\necho \"SUCCESS\" > \"${SCRIPT_OUTPUT_FILE_0}\"\n";
			showEnvVarsInLog = 0;
		};
		89121B704D8E55EB48EADC9F /* [CP] Check Pods Manifest.lock */ = {
			isa = PBXShellScriptBuildPhase;
			buildActionMask = 2147483647;
			files = (
			);
			inputFileListPaths = (
			);
			inputPaths = (
				"${PODS_PODFILE_DIR_PATH}/Podfile.lock",
				"${PODS_ROOT}/Manifest.lock",
			);
			name = "[CP] Check Pods Manifest.lock";
			outputFileListPaths = (
			);
			outputPaths = (
				"$(DERIVED_FILE_DIR)/Pods-HeroQ-checkManifestLockResult.txt",
			);
			runOnlyForDeploymentPostprocessing = 0;
			shellPath = /bin/sh;
			shellScript = "diff \"${PODS_PODFILE_DIR_PATH}/Podfile.lock\" \"${PODS_ROOT}/Manifest.lock\" > /dev/null\nif [ $? != 0 ] ; then\n    # print error to STDERR\n    echo \"error: The sandbox is not in sync with the Podfile.lock. Run 'pod install' or update your CocoaPods installation.\" >&2\n    exit 1\nfi\n# This output is used by Xcode 'outputs' to avoid re-running this script phase.\necho \"SUCCESS\" > \"${SCRIPT_OUTPUT_FILE_0}\"\n";
			showEnvVarsInLog = 0;
		};
		CE7D492485A68F030D0C63A8 /* [CP] Check Pods Manifest.lock */ = {
			isa = PBXShellScriptBuildPhase;
			buildActionMask = 2147483647;
			files = (
			);
			inputFileListPaths = (
			);
			inputPaths = (
				"${PODS_PODFILE_DIR_PATH}/Podfile.lock",
				"${PODS_ROOT}/Manifest.lock",
			);
			name = "[CP] Check Pods Manifest.lock";
			outputFileListPaths = (
			);
			outputPaths = (
				"$(DERIVED_FILE_DIR)/Pods-HeroQTests-checkManifestLockResult.txt",
			);
			runOnlyForDeploymentPostprocessing = 0;
			shellPath = /bin/sh;
			shellScript = "diff \"${PODS_PODFILE_DIR_PATH}/Podfile.lock\" \"${PODS_ROOT}/Manifest.lock\" > /dev/null\nif [ $? != 0 ] ; then\n    # print error to STDERR\n    echo \"error: The sandbox is not in sync with the Podfile.lock. Run 'pod install' or update your CocoaPods installation.\" >&2\n    exit 1\nfi\n# This output is used by Xcode 'outputs' to avoid re-running this script phase.\necho \"SUCCESS\" > \"${SCRIPT_OUTPUT_FILE_0}\"\n";
			showEnvVarsInLog = 0;
		};
/* End PBXShellScriptBuildPhase section */

/* Begin PBXSourcesBuildPhase section */
		18CE1AF4254586A20037D007 /* Sources */ = {
			isa = PBXSourcesBuildPhase;
			buildActionMask = 2147483647;
			files = (
				18FB22C22546B198003A6638 /* Hero.swift in Sources */,
				18EB8B962545E71700592A59 /* HeroListViewController.swift in Sources */,
				18A681DE2548042000ED7702 /* HeroDetailAdapter.swift in Sources */,
				18A681DD2548042000ED7702 /* HeroDetailPresenter.swift in Sources */,
				187A293D254F7A26006D02D2 /* NetworkManager.swift in Sources */,
				18A681E12548042000ED7702 /* HeroDetailRouter.swift in Sources */,
				18EB8BA62545EAF500592A59 /* Extension+ListAdapter.swift in Sources */,
				18A681E02548042000ED7702 /* HeroDetailInteractor.swift in Sources */,
				18EB8B9E2545E84E00592A59 /* Extension+UIColor.swift in Sources */,
				187A292B2549A74B006D02D2 /* HQButton.swift in Sources */,
				18EB8B952545E71700592A59 /* HeroListAdapter.swift in Sources */,
				187A2944254FC4F6006D02D2 /* RealmHelper.swift in Sources */,
				18EB8BB42545ECC800592A59 /* NSObject+IGListDiffable.swift in Sources */,
				187A292225496E39006D02D2 /* FilterViewController.swift in Sources */,
				18EB8B982545E71700592A59 /* HeroListRouter.swift in Sources */,
				18EB8B942545E71700592A59 /* HeroListPresenter.swift in Sources */,
				18A681DC2548042000ED7702 /* HeroDetailModule.swift in Sources */,
				18A681E92548146A00ED7702 /* HeroCollectionViewCell.swift in Sources */,
				18FB22C72546C92A003A6638 /* HeroServiceProtocol.swift in Sources */,
				187A291F25496E39006D02D2 /* FilterModule.swift in Sources */,
				18EB8B932545E71700592A59 /* HeroListModule.swift in Sources */,
				18CE1AFC254586A20037D007 /* AppDelegate.swift in Sources */,
				18FB22DA25479908003A6638 /* GridCollectionViewCell.swift in Sources */,
				18A681E62548134C00ED7702 /* HeroSectionController.swift in Sources */,
				18A681DF2548042000ED7702 /* HeroDetailViewController.swift in Sources */,
				187A290B2548F002006D02D2 /* SimilarHeroesCollectionViewCell.swift in Sources */,
				187A2946254FC5C4006D02D2 /* RLMHero.swift in Sources */,
				18FB22D125475FC5003A6638 /* ImageCollectionViewCell.swift in Sources */,
				18FB22C92546CC0E003A6638 /* HeroService.swift in Sources */,
				187A29332549AA54006D02D2 /* FilterCollectionViewCell.swift in Sources */,
				187A2941254FBE8F006D02D2 /* Extension+UIImage.swift in Sources */,
				187A292825498FAD006D02D2 /* RoleFilter.swift in Sources */,
				18EB8BA02545E86B00592A59 /* Extension+UIViewController.swift in Sources */,
				187A292425496E39006D02D2 /* FilterRouter.swift in Sources */,
				187A292125496E39006D02D2 /* FilterAdapter.swift in Sources */,
				18EB8B9C2545E82800592A59 /* Extension+UICollectionView.swift in Sources */,
				187A293A254A3543006D02D2 /* CollectionViewCenterLayout.swift in Sources */,
				187A292325496E39006D02D2 /* FilterInteractor.swift in Sources */,
				18EB8B972545E71700592A59 /* HeroListInteractor.swift in Sources */,
				18FB22C42546C818003A6638 /* Extension+URL.swift in Sources */,
				18FB22D725477DA6003A6638 /* GridSectionController.swift in Sources */,
				18EB8BAE2545EBC100592A59 /* EmptySectionController.swift in Sources */,
				18EB8BA22545E88400592A59 /* Extension+UINavigationController.swift in Sources */,
				18EB8BB12545EC6C00592A59 /* EmptyCollectionViewCell.swift in Sources */,
				18EB8BA42545E8A000592A59 /* Extension+UIView.swift in Sources */,
				187A293F254FBCE2006D02D2 /* Extension+UIAlertController.swift in Sources */,
				187A292025496E39006D02D2 /* FilterPresenter.swift in Sources */,
				187A29302549AA14006D02D2 /* FilterSectionController.swift in Sources */,
				187A29082548EF38006D02D2 /* SimilarHeroesSectionController.swift in Sources */,
				187A29372549B09C006D02D2 /* ButtonCollectionViewCell.swift in Sources */,
				187A292625498286006D02D2 /* Extension+Array.swift in Sources */,
			);
			runOnlyForDeploymentPostprocessing = 0;
		};
		18CE1B08254586A40037D007 /* Sources */ = {
			isa = PBXSourcesBuildPhase;
			buildActionMask = 2147483647;
			files = (
				18CE1B11254586A40037D007 /* HeroQTests.swift in Sources */,
			);
			runOnlyForDeploymentPostprocessing = 0;
		};
		18CE1B13254586A40037D007 /* Sources */ = {
			isa = PBXSourcesBuildPhase;
			buildActionMask = 2147483647;
			files = (
				18CE1B1C254586A40037D007 /* HeroQUITests.swift in Sources */,
			);
			runOnlyForDeploymentPostprocessing = 0;
		};
/* End PBXSourcesBuildPhase section */

/* Begin PBXTargetDependency section */
		18CE1B0E254586A40037D007 /* PBXTargetDependency */ = {
			isa = PBXTargetDependency;
			target = 18CE1AF7254586A20037D007 /* HeroQ */;
			targetProxy = 18CE1B0D254586A40037D007 /* PBXContainerItemProxy */;
		};
		18CE1B19254586A40037D007 /* PBXTargetDependency */ = {
			isa = PBXTargetDependency;
			target = 18CE1AF7254586A20037D007 /* HeroQ */;
			targetProxy = 18CE1B18254586A40037D007 /* PBXContainerItemProxy */;
		};
/* End PBXTargetDependency section */

/* Begin PBXVariantGroup section */
		18CE1B04254586A40037D007 /* LaunchScreen.storyboard */ = {
			isa = PBXVariantGroup;
			children = (
				18CE1B05254586A40037D007 /* Base */,
			);
			name = LaunchScreen.storyboard;
			sourceTree = "<group>";
		};
/* End PBXVariantGroup section */

/* Begin XCBuildConfiguration section */
		18CE1B1E254586A40037D007 /* Debug */ = {
			isa = XCBuildConfiguration;
			buildSettings = {
				ALWAYS_SEARCH_USER_PATHS = NO;
				CLANG_ANALYZER_NONNULL = YES;
				CLANG_ANALYZER_NUMBER_OBJECT_CONVERSION = YES_AGGRESSIVE;
				CLANG_CXX_LANGUAGE_STANDARD = "gnu++14";
				CLANG_CXX_LIBRARY = "libc++";
				CLANG_ENABLE_MODULES = YES;
				CLANG_ENABLE_OBJC_ARC = YES;
				CLANG_ENABLE_OBJC_WEAK = YES;
				CLANG_WARN_BLOCK_CAPTURE_AUTORELEASING = YES;
				CLANG_WARN_BOOL_CONVERSION = YES;
				CLANG_WARN_COMMA = YES;
				CLANG_WARN_CONSTANT_CONVERSION = YES;
				CLANG_WARN_DEPRECATED_OBJC_IMPLEMENTATIONS = YES;
				CLANG_WARN_DIRECT_OBJC_ISA_USAGE = YES_ERROR;
				CLANG_WARN_DOCUMENTATION_COMMENTS = YES;
				CLANG_WARN_EMPTY_BODY = YES;
				CLANG_WARN_ENUM_CONVERSION = YES;
				CLANG_WARN_INFINITE_RECURSION = YES;
				CLANG_WARN_INT_CONVERSION = YES;
				CLANG_WARN_NON_LITERAL_NULL_CONVERSION = YES;
				CLANG_WARN_OBJC_IMPLICIT_RETAIN_SELF = YES;
				CLANG_WARN_OBJC_LITERAL_CONVERSION = YES;
				CLANG_WARN_OBJC_ROOT_CLASS = YES_ERROR;
				CLANG_WARN_RANGE_LOOP_ANALYSIS = YES;
				CLANG_WARN_STRICT_PROTOTYPES = YES;
				CLANG_WARN_SUSPICIOUS_MOVE = YES;
				CLANG_WARN_UNGUARDED_AVAILABILITY = YES_AGGRESSIVE;
				CLANG_WARN_UNREACHABLE_CODE = YES;
				CLANG_WARN__DUPLICATE_METHOD_MATCH = YES;
				CODE_SIGN_IDENTITY = "iPhone Developer";
				COPY_PHASE_STRIP = NO;
				DEBUG_INFORMATION_FORMAT = dwarf;
				ENABLE_STRICT_OBJC_MSGSEND = YES;
				ENABLE_TESTABILITY = YES;
				GCC_C_LANGUAGE_STANDARD = gnu11;
				GCC_DYNAMIC_NO_PIC = NO;
				GCC_NO_COMMON_BLOCKS = YES;
				GCC_OPTIMIZATION_LEVEL = 0;
				GCC_PREPROCESSOR_DEFINITIONS = (
					"DEBUG=1",
					"$(inherited)",
				);
				GCC_WARN_64_TO_32_BIT_CONVERSION = YES;
				GCC_WARN_ABOUT_RETURN_TYPE = YES_ERROR;
				GCC_WARN_UNDECLARED_SELECTOR = YES;
				GCC_WARN_UNINITIALIZED_AUTOS = YES_AGGRESSIVE;
				GCC_WARN_UNUSED_FUNCTION = YES;
				GCC_WARN_UNUSED_VARIABLE = YES;
				IPHONEOS_DEPLOYMENT_TARGET = 12.4;
				MTL_ENABLE_DEBUG_INFO = INCLUDE_SOURCE;
				MTL_FAST_MATH = YES;
				ONLY_ACTIVE_ARCH = YES;
				SDKROOT = iphoneos;
				SWIFT_ACTIVE_COMPILATION_CONDITIONS = DEBUG;
				SWIFT_OPTIMIZATION_LEVEL = "-Onone";
			};
			name = Debug;
		};
		18CE1B1F254586A40037D007 /* Release */ = {
			isa = XCBuildConfiguration;
			buildSettings = {
				ALWAYS_SEARCH_USER_PATHS = NO;
				CLANG_ANALYZER_NONNULL = YES;
				CLANG_ANALYZER_NUMBER_OBJECT_CONVERSION = YES_AGGRESSIVE;
				CLANG_CXX_LANGUAGE_STANDARD = "gnu++14";
				CLANG_CXX_LIBRARY = "libc++";
				CLANG_ENABLE_MODULES = YES;
				CLANG_ENABLE_OBJC_ARC = YES;
				CLANG_ENABLE_OBJC_WEAK = YES;
				CLANG_WARN_BLOCK_CAPTURE_AUTORELEASING = YES;
				CLANG_WARN_BOOL_CONVERSION = YES;
				CLANG_WARN_COMMA = YES;
				CLANG_WARN_CONSTANT_CONVERSION = YES;
				CLANG_WARN_DEPRECATED_OBJC_IMPLEMENTATIONS = YES;
				CLANG_WARN_DIRECT_OBJC_ISA_USAGE = YES_ERROR;
				CLANG_WARN_DOCUMENTATION_COMMENTS = YES;
				CLANG_WARN_EMPTY_BODY = YES;
				CLANG_WARN_ENUM_CONVERSION = YES;
				CLANG_WARN_INFINITE_RECURSION = YES;
				CLANG_WARN_INT_CONVERSION = YES;
				CLANG_WARN_NON_LITERAL_NULL_CONVERSION = YES;
				CLANG_WARN_OBJC_IMPLICIT_RETAIN_SELF = YES;
				CLANG_WARN_OBJC_LITERAL_CONVERSION = YES;
				CLANG_WARN_OBJC_ROOT_CLASS = YES_ERROR;
				CLANG_WARN_RANGE_LOOP_ANALYSIS = YES;
				CLANG_WARN_STRICT_PROTOTYPES = YES;
				CLANG_WARN_SUSPICIOUS_MOVE = YES;
				CLANG_WARN_UNGUARDED_AVAILABILITY = YES_AGGRESSIVE;
				CLANG_WARN_UNREACHABLE_CODE = YES;
				CLANG_WARN__DUPLICATE_METHOD_MATCH = YES;
				CODE_SIGN_IDENTITY = "iPhone Developer";
				COPY_PHASE_STRIP = NO;
				DEBUG_INFORMATION_FORMAT = "dwarf-with-dsym";
				ENABLE_NS_ASSERTIONS = NO;
				ENABLE_STRICT_OBJC_MSGSEND = YES;
				GCC_C_LANGUAGE_STANDARD = gnu11;
				GCC_NO_COMMON_BLOCKS = YES;
				GCC_WARN_64_TO_32_BIT_CONVERSION = YES;
				GCC_WARN_ABOUT_RETURN_TYPE = YES_ERROR;
				GCC_WARN_UNDECLARED_SELECTOR = YES;
				GCC_WARN_UNINITIALIZED_AUTOS = YES_AGGRESSIVE;
				GCC_WARN_UNUSED_FUNCTION = YES;
				GCC_WARN_UNUSED_VARIABLE = YES;
				IPHONEOS_DEPLOYMENT_TARGET = 12.4;
				MTL_ENABLE_DEBUG_INFO = NO;
				MTL_FAST_MATH = YES;
				SDKROOT = iphoneos;
				SWIFT_COMPILATION_MODE = wholemodule;
				SWIFT_OPTIMIZATION_LEVEL = "-O";
				VALIDATE_PRODUCT = YES;
			};
			name = Release;
		};
		18CE1B21254586A40037D007 /* Debug */ = {
			isa = XCBuildConfiguration;
			baseConfigurationReference = 84DF1C736B4A1BB961FAA1C2 /* Pods-HeroQ.debug.xcconfig */;
			buildSettings = {
				ASSETCATALOG_COMPILER_APPICON_NAME = AppIcon;
				CODE_SIGN_STYLE = Automatic;
				INFOPLIST_FILE = HeroQ/Info.plist;
				IPHONEOS_DEPLOYMENT_TARGET = 12.0;
				LD_RUNPATH_SEARCH_PATHS = (
					"$(inherited)",
					"@executable_path/Frameworks",
				);
				PRODUCT_BUNDLE_IDENTIFIER = inotnesia.HeroQ;
				PRODUCT_NAME = "$(TARGET_NAME)";
				SWIFT_VERSION = 5.0;
				TARGETED_DEVICE_FAMILY = "1,2";
			};
			name = Debug;
		};
		18CE1B22254586A40037D007 /* Release */ = {
			isa = XCBuildConfiguration;
			baseConfigurationReference = 89B9496F2C3E0E8D59D52419 /* Pods-HeroQ.release.xcconfig */;
			buildSettings = {
				ASSETCATALOG_COMPILER_APPICON_NAME = AppIcon;
				CODE_SIGN_STYLE = Automatic;
				INFOPLIST_FILE = HeroQ/Info.plist;
				IPHONEOS_DEPLOYMENT_TARGET = 12.0;
				LD_RUNPATH_SEARCH_PATHS = (
					"$(inherited)",
					"@executable_path/Frameworks",
				);
				PRODUCT_BUNDLE_IDENTIFIER = inotnesia.HeroQ;
				PRODUCT_NAME = "$(TARGET_NAME)";
				SWIFT_VERSION = 5.0;
				TARGETED_DEVICE_FAMILY = "1,2";
			};
			name = Release;
		};
		18CE1B24254586A40037D007 /* Debug */ = {
			isa = XCBuildConfiguration;
			baseConfigurationReference = 88804CEB4262771F44913A01 /* Pods-HeroQTests.debug.xcconfig */;
			buildSettings = {
				ALWAYS_EMBED_SWIFT_STANDARD_LIBRARIES = YES;
				BUNDLE_LOADER = "$(TEST_HOST)";
				CODE_SIGN_STYLE = Automatic;
				INFOPLIST_FILE = HeroQTests/Info.plist;
				LD_RUNPATH_SEARCH_PATHS = (
					"$(inherited)",
					"@executable_path/Frameworks",
					"@loader_path/Frameworks",
				);
				PRODUCT_BUNDLE_IDENTIFIER = inotnesia.HeroQTests;
				PRODUCT_NAME = "$(TARGET_NAME)";
				SWIFT_VERSION = 5.0;
				TARGETED_DEVICE_FAMILY = "1,2";
				TEST_HOST = "$(BUILT_PRODUCTS_DIR)/HeroQ.app/HeroQ";
			};
			name = Debug;
		};
		18CE1B25254586A40037D007 /* Release */ = {
			isa = XCBuildConfiguration;
			baseConfigurationReference = 98E3365F3E9A63FEC72D41E3 /* Pods-HeroQTests.release.xcconfig */;
			buildSettings = {
				ALWAYS_EMBED_SWIFT_STANDARD_LIBRARIES = YES;
				BUNDLE_LOADER = "$(TEST_HOST)";
				CODE_SIGN_STYLE = Automatic;
				INFOPLIST_FILE = HeroQTests/Info.plist;
				LD_RUNPATH_SEARCH_PATHS = (
					"$(inherited)",
					"@executable_path/Frameworks",
					"@loader_path/Frameworks",
				);
				PRODUCT_BUNDLE_IDENTIFIER = inotnesia.HeroQTests;
				PRODUCT_NAME = "$(TARGET_NAME)";
				SWIFT_VERSION = 5.0;
				TARGETED_DEVICE_FAMILY = "1,2";
				TEST_HOST = "$(BUILT_PRODUCTS_DIR)/HeroQ.app/HeroQ";
			};
			name = Release;
		};
		18CE1B27254586A40037D007 /* Debug */ = {
			isa = XCBuildConfiguration;
			baseConfigurationReference = 0AE84BDE542EDD427880C99B /* Pods-HeroQUITests.debug.xcconfig */;
			buildSettings = {
				ALWAYS_EMBED_SWIFT_STANDARD_LIBRARIES = YES;
				CODE_SIGN_STYLE = Automatic;
				INFOPLIST_FILE = HeroQUITests/Info.plist;
				LD_RUNPATH_SEARCH_PATHS = (
					"$(inherited)",
					"@executable_path/Frameworks",
					"@loader_path/Frameworks",
				);
				PRODUCT_BUNDLE_IDENTIFIER = inotnesia.HeroQUITests;
				PRODUCT_NAME = "$(TARGET_NAME)";
				SWIFT_VERSION = 5.0;
				TARGETED_DEVICE_FAMILY = "1,2";
				TEST_TARGET_NAME = HeroQ;
			};
			name = Debug;
		};
		18CE1B28254586A40037D007 /* Release */ = {
			isa = XCBuildConfiguration;
			baseConfigurationReference = 4727D0ED901D521A37D965CB /* Pods-HeroQUITests.release.xcconfig */;
			buildSettings = {
				ALWAYS_EMBED_SWIFT_STANDARD_LIBRARIES = YES;
				CODE_SIGN_STYLE = Automatic;
				INFOPLIST_FILE = HeroQUITests/Info.plist;
				LD_RUNPATH_SEARCH_PATHS = (
					"$(inherited)",
					"@executable_path/Frameworks",
					"@loader_path/Frameworks",
				);
				PRODUCT_BUNDLE_IDENTIFIER = inotnesia.HeroQUITests;
				PRODUCT_NAME = "$(TARGET_NAME)";
				SWIFT_VERSION = 5.0;
				TARGETED_DEVICE_FAMILY = "1,2";
				TEST_TARGET_NAME = HeroQ;
			};
			name = Release;
		};
/* End XCBuildConfiguration section */

/* Begin XCConfigurationList section */
		18CE1AF3254586A20037D007 /* Build configuration list for PBXProject "HeroQ" */ = {
			isa = XCConfigurationList;
			buildConfigurations = (
				18CE1B1E254586A40037D007 /* Debug */,
				18CE1B1F254586A40037D007 /* Release */,
			);
			defaultConfigurationIsVisible = 0;
			defaultConfigurationName = Release;
		};
		18CE1B20254586A40037D007 /* Build configuration list for PBXNativeTarget "HeroQ" */ = {
			isa = XCConfigurationList;
			buildConfigurations = (
				18CE1B21254586A40037D007 /* Debug */,
				18CE1B22254586A40037D007 /* Release */,
			);
			defaultConfigurationIsVisible = 0;
			defaultConfigurationName = Release;
		};
		18CE1B23254586A40037D007 /* Build configuration list for PBXNativeTarget "HeroQTests" */ = {
			isa = XCConfigurationList;
			buildConfigurations = (
				18CE1B24254586A40037D007 /* Debug */,
				18CE1B25254586A40037D007 /* Release */,
			);
			defaultConfigurationIsVisible = 0;
			defaultConfigurationName = Release;
		};
		18CE1B26254586A40037D007 /* Build configuration list for PBXNativeTarget "HeroQUITests" */ = {
			isa = XCConfigurationList;
			buildConfigurations = (
				18CE1B27254586A40037D007 /* Debug */,
				18CE1B28254586A40037D007 /* Release */,
			);
			defaultConfigurationIsVisible = 0;
			defaultConfigurationName = Release;
		};
/* End XCConfigurationList section */
	};
	rootObject = 18CE1AF0254586A20037D007 /* Project object */;
}
